// !$*UTF8*$!
{
	archiveVersion = 1;
	classes = {
	};
	objectVersion = 50;
	objects = {

/* Begin PBXBuildFile section */
		8044D867238B65DB00331D08 /* UIVIewController+LifeCycleTask.swift in Sources */ = {isa = PBXBuildFile; fileRef = 8044D866238B65DB00331D08 /* UIVIewController+LifeCycleTask.swift */; };
		809351DB238ADF0F0088E6D7 /* AppDelegate.swift in Sources */ = {isa = PBXBuildFile; fileRef = 809351DA238ADF0F0088E6D7 /* AppDelegate.swift */; };
		809351DD238ADF0F0088E6D7 /* SceneDelegate.swift in Sources */ = {isa = PBXBuildFile; fileRef = 809351DC238ADF0F0088E6D7 /* SceneDelegate.swift */; };
		809351DF238ADF0F0088E6D7 /* ViewController.swift in Sources */ = {isa = PBXBuildFile; fileRef = 809351DE238ADF0F0088E6D7 /* ViewController.swift */; };
		809351E2238ADF0F0088E6D7 /* Main.storyboard in Resources */ = {isa = PBXBuildFile; fileRef = 809351E0238ADF0F0088E6D7 /* Main.storyboard */; };
		809351E4238ADF100088E6D7 /* Assets.xcassets in Resources */ = {isa = PBXBuildFile; fileRef = 809351E3238ADF100088E6D7 /* Assets.xcassets */; };
		809351E7238ADF100088E6D7 /* LaunchScreen.storyboard in Resources */ = {isa = PBXBuildFile; fileRef = 809351E5238ADF100088E6D7 /* LaunchScreen.storyboard */; };
		809351F0238ADF1C0088E6D7 /* UIViewController+MethodCalled.swift in Sources */ = {isa = PBXBuildFile; fileRef = 809351EF238ADF1C0088E6D7 /* UIViewController+MethodCalled.swift */; };
		809351F4238AE2530088E6D7 /* UIViewController+MethodSwitch.swift in Sources */ = {isa = PBXBuildFile; fileRef = 809351F3238AE2530088E6D7 /* UIViewController+MethodSwitch.swift */; };
		809351F6238AE36F0088E6D7 /* UIViewController+FirstTimeFunction.swift in Sources */ = {isa = PBXBuildFile; fileRef = 809351F5238AE36F0088E6D7 /* UIViewController+FirstTimeFunction.swift */; };
		809351F8238AE4070088E6D7 /* RXCFirstTimeViewController.swift in Sources */ = {isa = PBXBuildFile; fileRef = 809351F7238AE4070088E6D7 /* RXCFirstTimeViewController.swift */; };
/* End PBXBuildFile section */

/* Begin PBXFileReference section */
		8044D866238B65DB00331D08 /* UIVIewController+LifeCycleTask.swift */ = {isa = PBXFileReference; lastKnownFileType = sourcecode.swift; path = "UIVIewController+LifeCycleTask.swift"; sourceTree = "<group>"; };
		809351D7238ADF0F0088E6D7 /* Example.app */ = {isa = PBXFileReference; explicitFileType = wrapper.application; includeInIndex = 0; path = Example.app; sourceTree = BUILT_PRODUCTS_DIR; };
		809351DA238ADF0F0088E6D7 /* AppDelegate.swift */ = {isa = PBXFileReference; lastKnownFileType = sourcecode.swift; path = AppDelegate.swift; sourceTree = "<group>"; };
		809351DC238ADF0F0088E6D7 /* SceneDelegate.swift */ = {isa = PBXFileReference; lastKnownFileType = sourcecode.swift; path = SceneDelegate.swift; sourceTree = "<group>"; };
		809351DE238ADF0F0088E6D7 /* ViewController.swift */ = {isa = PBXFileReference; lastKnownFileType = sourcecode.swift; path = ViewController.swift; sourceTree = "<group>"; };
		809351E1238ADF0F0088E6D7 /* Base */ = {isa = PBXFileReference; lastKnownFileType = file.storyboard; name = Base; path = Base.lproj/Main.storyboard; sourceTree = "<group>"; };
		809351E3238ADF100088E6D7 /* Assets.xcassets */ = {isa = PBXFileReference; lastKnownFileType = folder.assetcatalog; path = Assets.xcassets; sourceTree = "<group>"; };
		809351E6238ADF100088E6D7 /* Base */ = {isa = PBXFileReference; lastKnownFileType = file.storyboard; name = Base; path = Base.lproj/LaunchScreen.storyboard; sourceTree = "<group>"; };
		809351E8238ADF100088E6D7 /* Info.plist */ = {isa = PBXFileReference; lastKnownFileType = text.plist.xml; path = Info.plist; sourceTree = "<group>"; };
		809351EF238ADF1C0088E6D7 /* UIViewController+MethodCalled.swift */ = {isa = PBXFileReference; fileEncoding = 4; lastKnownFileType = sourcecode.swift; path = "UIViewController+MethodCalled.swift"; sourceTree = "<group>"; };
		809351F3238AE2530088E6D7 /* UIViewController+MethodSwitch.swift */ = {isa = PBXFileReference; lastKnownFileType = sourcecode.swift; path = "UIViewController+MethodSwitch.swift"; sourceTree = "<group>"; };
		809351F5238AE36F0088E6D7 /* UIViewController+FirstTimeFunction.swift */ = {isa = PBXFileReference; lastKnownFileType = sourcecode.swift; path = "UIViewController+FirstTimeFunction.swift"; sourceTree = "<group>"; };
		809351F7238AE4070088E6D7 /* RXCFirstTimeViewController.swift */ = {isa = PBXFileReference; lastKnownFileType = sourcecode.swift; path = RXCFirstTimeViewController.swift; sourceTree = "<group>"; };
/* End PBXFileReference section */

/* Begin PBXFrameworksBuildPhase section */
		809351D4238ADF0F0088E6D7 /* Frameworks */ = {
			isa = PBXFrameworksBuildPhase;
			buildActionMask = 2147483647;
			files = (
			);
			runOnlyForDeploymentPostprocessing = 0;
		};
/* End PBXFrameworksBuildPhase section */

/* Begin PBXGroup section */
		809351CE238ADF0F0088E6D7 = {
			isa = PBXGroup;
			children = (
				809351EE238ADF1C0088E6D7 /* Source */,
				809351D9238ADF0F0088E6D7 /* Example */,
				809351D8238ADF0F0088E6D7 /* Products */,
			);
			sourceTree = "<group>";
		};
		809351D8238ADF0F0088E6D7 /* Products */ = {
			isa = PBXGroup;
			children = (
				809351D7238ADF0F0088E6D7 /* Example.app */,
			);
			name = Products;
			sourceTree = "<group>";
		};
		809351D9238ADF0F0088E6D7 /* Example */ = {
			isa = PBXGroup;
			children = (
				809351DA238ADF0F0088E6D7 /* AppDelegate.swift */,
				809351DC238ADF0F0088E6D7 /* SceneDelegate.swift */,
				809351DE238ADF0F0088E6D7 /* ViewController.swift */,
				809351E0238ADF0F0088E6D7 /* Main.storyboard */,
				809351E3238ADF100088E6D7 /* Assets.xcassets */,
				809351E5238ADF100088E6D7 /* LaunchScreen.storyboard */,
				809351E8238ADF100088E6D7 /* Info.plist */,
			);
			path = Example;
			sourceTree = "<group>";
		};
		809351EE238ADF1C0088E6D7 /* Source */ = {
			isa = PBXGroup;
			children = (
				809351F7238AE4070088E6D7 /* RXCFirstTimeViewController.swift */,
				809351EF238ADF1C0088E6D7 /* UIViewController+MethodCalled.swift */,
				809351F3238AE2530088E6D7 /* UIViewController+MethodSwitch.swift */,
				809351F5238AE36F0088E6D7 /* UIViewController+FirstTimeFunction.swift */,
				8044D866238B65DB00331D08 /* UIVIewController+LifeCycleTask.swift */,
			);
			name = Source;
			path = ../Source;
			sourceTree = "<group>";
		};
/* End PBXGroup section */

/* Begin PBXNativeTarget section */
		809351D6238ADF0F0088E6D7 /* Example */ = {
			isa = PBXNativeTarget;
			buildConfigurationList = 809351EB238ADF100088E6D7 /* Build configuration list for PBXNativeTarget "Example" */;
			buildPhases = (
				809351D3238ADF0F0088E6D7 /* Sources */,
				809351D4238ADF0F0088E6D7 /* Frameworks */,
				809351D5238ADF0F0088E6D7 /* Resources */,
			);
			buildRules = (
			);
			dependencies = (
			);
			name = Example;
			productName = Example;
			productReference = 809351D7238ADF0F0088E6D7 /* Example.app */;
			productType = "com.apple.product-type.application";
		};
/* End PBXNativeTarget section */

/* Begin PBXProject section */
		809351CF238ADF0F0088E6D7 /* Project object */ = {
			isa = PBXProject;
			attributes = {
				LastSwiftUpdateCheck = 1120;
				LastUpgradeCheck = 1120;
				ORGANIZATIONNAME = ruixingchen;
				TargetAttributes = {
					809351D6238ADF0F0088E6D7 = {
						CreatedOnToolsVersion = 11.2.1;
					};
				};
			};
			buildConfigurationList = 809351D2238ADF0F0088E6D7 /* Build configuration list for PBXProject "Example" */;
			compatibilityVersion = "Xcode 9.3";
			developmentRegion = en;
			hasScannedForEncodings = 0;
			knownRegions = (
				en,
				Base,
			);
			mainGroup = 809351CE238ADF0F0088E6D7;
			productRefGroup = 809351D8238ADF0F0088E6D7 /* Products */;
			projectDirPath = "";
			projectRoot = "";
			targets = (
				809351D6238ADF0F0088E6D7 /* Example */,
			);
		};
/* End PBXProject section */

/* Begin PBXResourcesBuildPhase section */
		809351D5238ADF0F0088E6D7 /* Resources */ = {
			isa = PBXResourcesBuildPhase;
			buildActionMask = 2147483647;
			files = (
				809351E7238ADF100088E6D7 /* LaunchScreen.storyboard in Resources */,
				809351E4238ADF100088E6D7 /* Assets.xcassets in Resources */,
				809351E2238ADF0F0088E6D7 /* Main.storyboard in Resources */,
			);
			runOnlyForDeploymentPostprocessing = 0;
		};
/* End PBXResourcesBuildPhase section */

/* Begin PBXSourcesBuildPhase section */
		809351D3238ADF0F0088E6D7 /* Sources */ = {
			isa = PBXSourcesBuildPhase;
			buildActionMask = 2147483647;
			files = (
				809351DF238ADF0F0088E6D7 /* ViewController.swift in Sources */,
				809351DB238ADF0F0088E6D7 /* AppDelegate.swift in Sources */,
				8044D867238B65DB00331D08 /* UIVIewController+LifeCycleTask.swift in Sources */,
				809351DD238ADF0F0088E6D7 /* SceneDelegate.swift in Sources */,
				809351F8238AE4070088E6D7 /* RXCFirstTimeViewController.swift in Sources */,
				809351F4238AE2530088E6D7 /* UIViewController+MethodSwitch.swift in Sources */,
				809351F0238ADF1C0088E6D7 /* UIViewController+MethodCalled.swift in Sources */,
				809351F6238AE36F0088E6D7 /* UIViewController+FirstTimeFunction.swift in Sources */,
			);
			runOnlyForDeploymentPostprocessing = 0;
		};
/* End PBXSourcesBuildPhase section */

/* Begin PBXVariantGroup section */
		809351E0238ADF0F0088E6D7 /* Main.storyboard */ = {
			isa = PBXVariantGroup;
			children = (
				809351E1238ADF0F0088E6D7 /* Base */,
			);
			name = Main.storyboard;
			sourceTree = "<group>";
		};
		809351E5238ADF100088E6D7 /* LaunchScreen.storyboard */ = {
			isa = PBXVariantGroup;
			children = (
				809351E6238ADF100088E6D7 /* Base */,
			);
			name = LaunchScreen.storyboard;
			sourceTree = "<group>";
		};
/* End PBXVariantGroup section */

/* Begin XCBuildConfiguration section */
		809351E9238ADF100088E6D7 /* Debug */ = {
			isa = XCBuildConfiguration;
			buildSettings = {
				ALWAYS_SEARCH_USER_PATHS = NO;
				CLANG_ANALYZER_NONNULL = YES;
				CLANG_ANALYZER_NUMBER_OBJECT_CONVERSION = YES_AGGRESSIVE;
				CLANG_CXX_LANGUAGE_STANDARD = "gnu++14";
				CLANG_CXX_LIBRARY = "libc++";
				CLANG_ENABLE_MODULES = YES;
				CLANG_ENABLE_OBJC_ARC = YES;
				CLANG_ENABLE_OBJC_WEAK = YES;
				CLANG_WARN_BLOCK_CAPTURE_AUTORELEASING = YES;
				CLANG_WARN_BOOL_CONVERSION = YES;
				CLANG_WARN_COMMA = YES;
				CLANG_WARN_CONSTANT_CONVERSION = YES;
				CLANG_WARN_DEPRECATED_OBJC_IMPLEMENTATIONS = YES;
				CLANG_WARN_DIRECT_OBJC_ISA_USAGE = YES_ERROR;
				CLANG_WARN_DOCUMENTATION_COMMENTS = YES;
				CLANG_WARN_EMPTY_BODY = YES;
				CLANG_WARN_ENUM_CONVERSION = YES;
				CLANG_WARN_INFINITE_RECURSION = YES;
				CLANG_WARN_INT_CONVERSION = YES;
				CLANG_WARN_NON_LITERAL_NULL_CONVERSION = YES;
				CLANG_WARN_OBJC_IMPLICIT_RETAIN_SELF = YES;
				CLANG_WARN_OBJC_LITERAL_CONVERSION = YES;
				CLANG_WARN_OBJC_ROOT_CLASS = YES_ERROR;
				CLANG_WARN_RANGE_LOOP_ANALYSIS = YES;
				CLANG_WARN_STRICT_PROTOTYPES = YES;
				CLANG_WARN_SUSPICIOUS_MOVE = YES;
				CLANG_WARN_UNGUARDED_AVAILABILITY = YES_AGGRESSIVE;
				CLANG_WARN_UNREACHABLE_CODE = YES;
				CLANG_WARN__DUPLICATE_METHOD_MATCH = YES;
				COPY_PHASE_STRIP = NO;
				DEBUG_INFORMATION_FORMAT = dwarf;
				ENABLE_STRICT_OBJC_MSGSEND = YES;
				ENABLE_TESTABILITY = YES;
				GCC_C_LANGUAGE_STANDARD = gnu11;
				GCC_DYNAMIC_NO_PIC = NO;
				GCC_NO_COMMON_BLOCKS = YES;
				GCC_OPTIMIZATION_LEVEL = 0;
				GCC_PREPROCESSOR_DEFINITIONS = (
					"DEBUG=1",
					"$(inherited)",
				);
				GCC_WARN_64_TO_32_BIT_CONVERSION = YES;
				GCC_WARN_ABOUT_RETURN_TYPE = YES_ERROR;
				GCC_WARN_UNDECLARED_SELECTOR = YES;
				GCC_WARN_UNINITIALIZED_AUTOS = YES_AGGRESSIVE;
				GCC_WARN_UNUSED_FUNCTION = YES;
				GCC_WARN_UNUSED_VARIABLE = YES;
				IPHONEOS_DEPLOYMENT_TARGET = 13.2;
				MTL_ENABLE_DEBUG_INFO = INCLUDE_SOURCE;
				MTL_FAST_MATH = YES;
				ONLY_ACTIVE_ARCH = YES;
				SDKROOT = iphoneos;
				SWIFT_ACTIVE_COMPILATION_CONDITIONS = DEBUG;
				SWIFT_OPTIMIZATION_LEVEL = "-Onone";
			};
			name = Debug;
		};
		809351EA238ADF100088E6D7 /* Release */ = {
			isa = XCBuildConfiguration;
			buildSettings = {
				ALWAYS_SEARCH_USER_PATHS = NO;
				CLANG_ANALYZER_NONNULL = YES;
				CLANG_ANALYZER_NUMBER_OBJECT_CONVERSION = YES_AGGRESSIVE;
				CLANG_CXX_LANGUAGE_STANDARD = "gnu++14";
				CLANG_CXX_LIBRARY = "libc++";
				CLANG_ENABLE_MODULES = YES;
				CLANG_ENABLE_OBJC_ARC = YES;
				CLANG_ENABLE_OBJC_WEAK = YES;
				CLANG_WARN_BLOCK_CAPTURE_AUTORELEASING = YES;
				CLANG_WARN_BOOL_CONVERSION = YES;
				CLANG_WARN_COMMA = YES;
				CLANG_WARN_CONSTANT_CONVERSION = YES;
				CLANG_WARN_DEPRECATED_OBJC_IMPLEMENTATIONS = YES;
				CLANG_WARN_DIRECT_OBJC_ISA_USAGE = YES_ERROR;
				CLANG_WARN_DOCUMENTATION_COMMENTS = YES;
				CLANG_WARN_EMPTY_BODY = YES;
				CLANG_WARN_ENUM_CONVERSION = YES;
				CLANG_WARN_INFINITE_RECURSION = YES;
				CLANG_WARN_INT_CONVERSION = YES;
				CLANG_WARN_NON_LITERAL_NULL_CONVERSION = YES;
				CLANG_WARN_OBJC_IMPLICIT_RETAIN_SELF = YES;
				CLANG_WARN_OBJC_LITERAL_CONVERSION = YES;
				CLANG_WARN_OBJC_ROOT_CLASS = YES_ERROR;
				CLANG_WARN_RANGE_LOOP_ANALYSIS = YES;
				CLANG_WARN_STRICT_PROTOTYPES = YES;
				CLANG_WARN_SUSPICIOUS_MOVE = YES;
				CLANG_WARN_UNGUARDED_AVAILABILITY = YES_AGGRESSIVE;
				CLANG_WARN_UNREACHABLE_CODE = YES;
				CLANG_WARN__DUPLICATE_METHOD_MATCH = YES;
				COPY_PHASE_STRIP = NO;
				DEBUG_INFORMATION_FORMAT = "dwarf-with-dsym";
				ENABLE_NS_ASSERTIONS = NO;
				ENABLE_STRICT_OBJC_MSGSEND = YES;
				GCC_C_LANGUAGE_STANDARD = gnu11;
				GCC_NO_COMMON_BLOCKS = YES;
				GCC_WARN_64_TO_32_BIT_CONVERSION = YES;
				GCC_WARN_ABOUT_RETURN_TYPE = YES_ERROR;
				GCC_WARN_UNDECLARED_SELECTOR = YES;
				GCC_WARN_UNINITIALIZED_AUTOS = YES_AGGRESSIVE;
				GCC_WARN_UNUSED_FUNCTION = YES;
				GCC_WARN_UNUSED_VARIABLE = YES;
				IPHONEOS_DEPLOYMENT_TARGET = 13.2;
				MTL_ENABLE_DEBUG_INFO = NO;
				MTL_FAST_MATH = YES;
				SDKROOT = iphoneos;
				SWIFT_COMPILATION_MODE = wholemodule;
				SWIFT_OPTIMIZATION_LEVEL = "-O";
				VALIDATE_PRODUCT = YES;
			};
			name = Release;
		};
		809351EC238ADF100088E6D7 /* Debug */ = {
			isa = XCBuildConfiguration;
			buildSettings = {
				ASSETCATALOG_COMPILER_APPICON_NAME = AppIcon;
				CODE_SIGN_STYLE = Automatic;
				DEVELOPMENT_TEAM = 977G6XM9PF;
				INFOPLIST_FILE = Example/Info.plist;
				LD_RUNPATH_SEARCH_PATHS = (
					"$(inherited)",
					"@executable_path/Frameworks",
				);
				PRODUCT_BUNDLE_IDENTIFIER = com.ruixingchen.Example;
				PRODUCT_NAME = "$(TARGET_NAME)";
				SWIFT_VERSION = 5.0;
				TARGETED_DEVICE_FAMILY = "1,2";
			};
			name = Debug;
		};
		809351ED238ADF100088E6D7 /* Release */ = {
			isa = XCBuildConfiguration;
			buildSettings = {
				ASSETCATALOG_COMPILER_APPICON_NAME = AppIcon;
				CODE_SIGN_STYLE = Automatic;
				DEVELOPMENT_TEAM = 977G6XM9PF;
				INFOPLIST_FILE = Example/Info.plist;
				LD_RUNPATH_SEARCH_PATHS = (
					"$(inherited)",
					"@executable_path/Frameworks",
				);
				PRODUCT_BUNDLE_IDENTIFIER = com.ruixingchen.Example;
				PRODUCT_NAME = "$(TARGET_NAME)";
				SWIFT_VERSION = 5.0;
				TARGETED_DEVICE_FAMILY = "1,2";
			};
			name = Release;
		};
/* End XCBuildConfiguration section */

/* Begin XCConfigurationList section */
		809351D2238ADF0F0088E6D7 /* Build configuration list for PBXProject "Example" */ = {
			isa = XCConfigurationList;
			buildConfigurations = (
				809351E9238ADF100088E6D7 /* Debug */,
				809351EA238ADF100088E6D7 /* Release */,
			);
			defaultConfigurationIsVisible = 0;
			defaultConfigurationName = Release;
		};
		809351EB238ADF100088E6D7 /* Build configuration list for PBXNativeTarget "Example" */ = {
			isa = XCConfigurationList;
			buildConfigurations = (
				809351EC238ADF100088E6D7 /* Debug */,
				809351ED238ADF100088E6D7 /* Release */,
			);
			defaultConfigurationIsVisible = 0;
			defaultConfigurationName = Release;
		};
/* End XCConfigurationList section */
	};
	rootObject = 809351CF238ADF0F0088E6D7 /* Project object */;
}
